
Microsoft Visual Studio Solution File, Format Version 12.00
# Visual Studio Version 16
VisualStudioVersion = 16.0.31729.503
MinimumVisualStudioVersion = 10.0.40219.1
Project("{2150E333-8FDC-42A3-9474-1A3956D46DE8}") = "TimingTask", "TimingTask", "{9455E1DA-5CA9-4FD8-8BEA-81334587C5E8}"
EndProject
Project("{9A19103F-16F7-4668-BE54-9A1E7A4F7556}") = "TimingTask", "TimingTask\TimingTask.csproj", "{3FBCE3E2-0B4D-412F-9D33-B9E1B2374CB1}"
EndProject
Project("{9A19103F-16F7-4668-BE54-9A1E7A4F7556}") = "TimingTaskUtil", "TimingTaskUtil\TimingTaskUtil.csproj", "{B0112FE8-9DD2-4D60-9C7F-494B60C73FE7}"
EndProject
Project("{2150E333-8FDC-42A3-9474-1A3956D46DE8}") = "Socket", "Socket", "{34369253-F792-4518-B254-261EC7B6675D}"
EndProject
Project("{2150E333-8FDC-42A3-9474-1A3956D46DE8}") = "Demo", "Demo", "{8FD1299D-F560-4FD7-B28B-B78BBC84A73E}"
EndProject
Project("{9A19103F-16F7-4668-BE54-9A1E7A4F7556}") = "ConsoleApp1", "ConsoleApp1\ConsoleApp1.csproj", "{0AD69815-8342-4FAC-BCE8-49BD2410B62C}"
EndProject
Project("{9A19103F-16F7-4668-BE54-9A1E7A4F7556}") = "SocketUtil", "SocketUtil\SocketUtil.csproj", "{BC9B3A41-B6B9-440A-831E-66D13CCB969E}"
EndProject
Project("{FAE04EC0-301F-11D3-BF4B-00C04F79EFBC}") = "AES", "AES\AES.csproj", "{4075EA79-AF1D-450F-A436-C9104922CE27}"
EndProject
Project("{FAE04EC0-301F-11D3-BF4B-00C04F79EFBC}") = "SHA256Encrypt", "SHA256Encrypt\SHA256Encrypt.csproj", "{DAFF6043-72E4-4477-BA32-20F563ED0968}"
EndProject
Project("{2150E333-8FDC-42A3-9474-1A3956D46DE8}") = "Swagger", "Swagger", "{2DB86EBE-BFF9-4DB6-BADF-C494BA1F0B0F}"
EndProject
Project("{9A19103F-16F7-4668-BE54-9A1E7A4F7556}") = "WebApplication1", "WebApplication1\WebApplication1.csproj", "{AFA190F0-4159-4B1F-B65F-F0566598990F}"
EndProject
Project("{9A19103F-16F7-4668-BE54-9A1E7A4F7556}") = "WebApplication2", "WebApplication2\WebApplication2.csproj", "{9915B426-1015-4249-8AE7-6693D0CA07BC}"
EndProject
Project("{2150E333-8FDC-42A3-9474-1A3956D46DE8}") = "LogHelper", "LogHelper", "{EB932098-A39F-47B7-A40E-129B4344EE3C}"
EndProject
Project("{9A19103F-16F7-4668-BE54-9A1E7A4F7556}") = "LogHelper", "LogHelper\LogHelper.csproj", "{A98EBC03-7149-4B5D-94B8-DD50EAF04CBC}"
EndProject
Project("{2150E333-8FDC-42A3-9474-1A3956D46DE8}") = "Mqtt", "Mqtt", "{61A47D63-B79D-47A8-AF08-048AECAA4606}"
EndProject
Project("{9A19103F-16F7-4668-BE54-9A1E7A4F7556}") = "MqttNetServer", "MqttServer\MqttNetServer.csproj", "{8F897D85-743C-4352-9497-9634F0D63B73}"
EndProject
Project("{9A19103F-16F7-4668-BE54-9A1E7A4F7556}") = "MqttNetClient", "MqttNetClient\MqttNetClient.csproj", "{8B60146B-F02D-461F-850E-EBE17F35AF83}"
EndProject
Project("{2150E333-8FDC-42A3-9474-1A3956D46DE8}") = "RabbitMQ", "RabbitMQ", "{B8834D26-7912-4398-85D9-326582171B59}"
EndProject
Project("{9A19103F-16F7-4668-BE54-9A1E7A4F7556}") = "RabbitMqConsumer", "RabbitMqConsumer\RabbitMqConsumer.csproj", "{EF31FC41-298E-4229-A3CD-2FC9EAA46B25}"
EndProject
Project("{9A19103F-16F7-4668-BE54-9A1E7A4F7556}") = "RabbitMqProvider", "RabbitMqProvider\RabbitMqProvider.csproj", "{3FA4E94C-F1A4-4015-979C-A64090A1EC8E}"
EndProject
Project("{9A19103F-16F7-4668-BE54-9A1E7A4F7556}") = "RabbitMqCommon", "RabbitMqCommon\RabbitMqCommon.csproj", "{EE93283D-32A1-4A11-9F66-F95602B63FD2}"
EndProject
Project("{2150E333-8FDC-42A3-9474-1A3956D46DE8}") = "ProcessThread", "ProcessThread", "{9D5CCA1F-644E-47D9-9AED-7CE810F26DB2}"
EndProject
Project("{9A19103F-16F7-4668-BE54-9A1E7A4F7556}") = "ProcessThreadProgram", "ProcessThreadProgram\ProcessThreadProgram.csproj", "{BDEE3563-CEE7-4CAF-9806-19DC420B95A7}"
EndProject
Project("{2150E333-8FDC-42A3-9474-1A3956D46DE8}") = "HttpProgram", "HttpProgram", "{7AAD4950-BB6C-45CF-A385-B84E81B39BC1}"
EndProject
Project("{9A19103F-16F7-4668-BE54-9A1E7A4F7556}") = "HttpProgramApp", "HttpProgramApp\HttpProgramApp.csproj", "{6A213BE8-784F-4F51-A041-5D794E3F1D31}"
EndProject
Project("{2150E333-8FDC-42A3-9474-1A3956D46DE8}") = "Solution Items", "Solution Items", "{1EF2DEDE-D55E-48E6-B878-421C5502A02F}"
	ProjectSection(SolutionItems) = preProject
		.editorconfig = .editorconfig
	EndProjectSection
EndProject
Project("{2150E333-8FDC-42A3-9474-1A3956D46DE8}") = "LDAP", "LDAP", "{9EABCDB2-B1F2-4A1D-8B3F-7176A55F5CC8}"
EndProject
Project("{9A19103F-16F7-4668-BE54-9A1E7A4F7556}") = "LDAPManagement", "LDAPManagement\LDAPManagement.csproj", "{B9D4D472-25AA-4ECB-97F1-CD4275656440}"
EndProject
Project("{9A19103F-16F7-4668-BE54-9A1E7A4F7556}") = "LDAP_Winform", "LDAP_Winform\LDAP_Winform.csproj", "{FF706169-2FF6-46E7-81A7-3F7D8EAA9C45}"
EndProject
Project("{2150E333-8FDC-42A3-9474-1A3956D46DE8}") = "OutLook", "OutLook", "{443A6C56-6B89-4D1F-90FD-6E236A19C504}"
EndProject
Project("{9A19103F-16F7-4668-BE54-9A1E7A4F7556}") = "OutlookUtil", "OutlookUtil\OutlookUtil.csproj", "{66192A4A-66CD-4D68-B2DA-A0B725CFB778}"
EndProject
Project("{9A19103F-16F7-4668-BE54-9A1E7A4F7556}") = "WebApplicationOutlook", "WebApplicationOutlook\WebApplicationOutlook.csproj", "{730FD0E2-081A-4DF1-B158-766A5E696F62}"
EndProject
Project("{2150E333-8FDC-42A3-9474-1A3956D46DE8}") = "WPF", "WPF", "{B17ECF56-AA7B-4A9D-AC06-75605E70AE4B}"
EndProject
Project("{9A19103F-16F7-4668-BE54-9A1E7A4F7556}") = "BingDwen", "BingDwen\BingDwen.csproj", "{328B1FE8-B787-45FC-A026-8257305A4FDE}"
EndProject
Project("{9A19103F-16F7-4668-BE54-9A1E7A4F7556}") = "ConsoleApp2", "ConsoleApp2\ConsoleApp2.csproj", "{19F396B1-88D5-46E9-96DB-9096640E413E}"
EndProject
Project("{2150E333-8FDC-42A3-9474-1A3956D46DE8}") = "SPEI", "SPEI", "{DCF5525C-DC00-4EBB-A822-6DFE595B2AE5}"
EndProject
Project("{9A19103F-16F7-4668-BE54-9A1E7A4F7556}") = "SPEI", "SPEI\SPEI.csproj", "{DB274DFD-E05C-4105-9871-D43B576A7557}"
EndProject
Project("{9A19103F-16F7-4668-BE54-9A1E7A4F7556}") = "WebApplicationSPEI", "WebApplicationSPEI\WebApplicationSPEI.csproj", "{67236444-FAD8-44E7-8036-A058F67A9B65}"
EndProject
Project("{9A19103F-16F7-4668-BE54-9A1E7A4F7556}") = "Common", "Common\Common.csproj", "{A72015EB-0606-4AB7-B4EB-1BCBB2682872}"
EndProject
Project("{9A19103F-16F7-4668-BE54-9A1E7A4F7556}") = "Model", "Model\Model.csproj", "{00BD6B55-E2FF-46D9-973C-06CF0E05DC21}"
EndProject
Project("{9A19103F-16F7-4668-BE54-9A1E7A4F7556}") = "Service", "Service\Service.csproj", "{DBC54D16-8BDD-4DB3-9182-1D8ED3B3715D}"
EndProject
Project("{9A19103F-16F7-4668-BE54-9A1E7A4F7556}") = "Repository", "Repository\Repository.csproj", "{D21B0B99-53BA-4DE5-945F-CD6A7AD2BF91}"
EndProject
Project("{9A19103F-16F7-4668-BE54-9A1E7A4F7556}") = "IRepository", "IRepository\IRepository.csproj", "{4CCDB220-28BF-4FAF-AD05-5A79925D1042}"
EndProject
Project("{9A19103F-16F7-4668-BE54-9A1E7A4F7556}") = "IService", "IIService\IService.csproj", "{A176A19B-194D-4D1A-BD7A-BF00CC0B79BB}"
EndProject
Project("{9A19103F-16F7-4668-BE54-9A1E7A4F7556}") = "SPEIWebApplication", "SPEIWebApplication\SPEIWebApplication.csproj", "{20188543-E516-47B6-BE67-672ACE8867D1}"
EndProject
Project("{9A19103F-16F7-4668-BE54-9A1E7A4F7556}") = "Utils.Quartz", "Utils.Quartz\Utils.Quartz.csproj", "{1098808E-5790-413A-8AF2-F813EFA63A40}"
EndProject
Project("{2150E333-8FDC-42A3-9474-1A3956D46DE8}") = "WebSocket", "WebSocket", "{7F25C462-6672-4CD0-B0CB-BCD00E7F2D92}"
EndProject
Project("{9A19103F-16F7-4668-BE54-9A1E7A4F7556}") = "WebSocketManagement", "WebSocketManagement\WebSocketManagement.csproj", "{77FF3333-4664-4944-9DB6-58B3ACE9D75D}"
EndProject
Project("{9A19103F-16F7-4668-BE54-9A1E7A4F7556}") = "TestProject", "TestProject\TestProject.csproj", "{57C27480-2BA9-4658-A223-E91E7BAD9D27}"
EndProject
Project("{2150E333-8FDC-42A3-9474-1A3956D46DE8}") = "Test", "Test", "{FEEAE21D-4EFF-4B1B-8DE4-6A03A02B0F4E}"
EndProject
Project("{9A19103F-16F7-4668-BE54-9A1E7A4F7556}") = "ConsoleAppTest", "ConsoleAppTest\ConsoleAppTest.csproj", "{C7C90645-AC0D-409D-80E6-4DDB8CF9FAB5}"
EndProject
Project("{2150E333-8FDC-42A3-9474-1A3956D46DE8}") = "RocketMQ", "RocketMQ", "{1CE143BE-7305-4A62-911F-D6637ABEC9E6}"
EndProject
Project("{2150E333-8FDC-42A3-9474-1A3956D46DE8}") = "HTML", "HTML", "{AC14CBCA-4BF0-407D-98C1-F100A9413511}"
EndProject
Project("{9A19103F-16F7-4668-BE54-9A1E7A4F7556}") = "WebApplication3", "WebApplication3\WebApplication3.csproj", "{4D43D2F5-BC3D-495E-A0DC-192A78360726}"
EndProject
Project("{9A19103F-16F7-4668-BE54-9A1E7A4F7556}") = "JTokenDemo", "JTokenDemo\JTokenDemo.csproj", "{5E1730D0-63E3-4066-9C22-7DC9C15022AE}"
EndProject
Project("{9A19103F-16F7-4668-BE54-9A1E7A4F7556}") = "RocketMqCommon", "RocketMqCommon\RocketMqCommon.csproj", "{531E7EC3-94C6-45EC-9D21-3AA77D052FDC}"
EndProject
Project("{9A19103F-16F7-4668-BE54-9A1E7A4F7556}") = "RocketMqConsumer", "RocketMqConsumer\RocketMqConsumer.csproj", "{E1B5AF9E-471C-4C16-A2A2-1A90454C6552}"
EndProject
Project("{9A19103F-16F7-4668-BE54-9A1E7A4F7556}") = "RocketMqProvider", "RocketMqProvider\RocketMqProvider.csproj", "{A185492A-FD40-48E0-82DA-7B804DE90F55}"
EndProject
Project("{9A19103F-16F7-4668-BE54-9A1E7A4F7556}") = "ConsoleDataTable", "ConsoleDataTable\ConsoleDataTable.csproj", "{98260A5D-5773-42A7-A149-0F6DC3CA8CDB}"
EndProject
Project("{FAE04EC0-301F-11D3-BF4B-00C04F79EFBC}") = "AesGcm256Util", "AesGcm256Util\AesGcm256Util.csproj", "{9AEF9A6A-F51C-4848-BA51-BCD1E95C52EC}"
EndProject
Project("{FAE04EC0-301F-11D3-BF4B-00C04F79EFBC}") = "WebApplication4", "WebApplication4\WebApplication4.csproj", "{6CE0E4A3-B916-4DD1-A1C5-746E02BC7A59}"
EndProject
Project("{2150E333-8FDC-42A3-9474-1A3956D46DE8}") = "CSharpClass", "CSharpClass", "{F792D602-B1C6-4430-A70B-10DDEB68F047}"
EndProject
Project("{9A19103F-16F7-4668-BE54-9A1E7A4F7556}") = "FieldValidationLibrary", "FieldValidationLibrary\FieldValidationLibrary.csproj", "{6465BBAA-AB82-410E-85DD-2F3C6AA66714}"
EndProject
Project("{9A19103F-16F7-4668-BE54-9A1E7A4F7556}") = "ClassToXmlLibrary", "ClassToXmlLibrary\ClassToXmlLibrary.csproj", "{983EABA0-62CF-4FE4-86A3-C3BE34886894}"
EndProject
Project("{9A19103F-16F7-4668-BE54-9A1E7A4F7556}") = "ConsoleApp", "ConsoleApp\ConsoleApp.csproj", "{93BC7AA8-59CE-4015-9B1F-EA6B79CEE515}"
EndProject
Project("{2150E333-8FDC-42A3-9474-1A3956D46DE8}") = "Browser", "Browser", "{89CA90B3-FC54-48B3-B6BC-9C40FE4E0128}"
EndProject
Project("{FAE04EC0-301F-11D3-BF4B-00C04F79EFBC}") = "NetCoreBrowser", "NetCoreBrowser\NetCoreBrowser.csproj", "{043EDB8E-D8C3-48A2-ABB8-EE40510C63CF}"
EndProject
Global
	GlobalSection(SolutionConfigurationPlatforms) = preSolution
		Debug|Any CPU = Debug|Any CPU
		Release|Any CPU = Release|Any CPU
	EndGlobalSection
	GlobalSection(ProjectConfigurationPlatforms) = postSolution
		{3FBCE3E2-0B4D-412F-9D33-B9E1B2374CB1}.Debug|Any CPU.ActiveCfg = Debug|Any CPU
		{3FBCE3E2-0B4D-412F-9D33-B9E1B2374CB1}.Debug|Any CPU.Build.0 = Debug|Any CPU
		{3FBCE3E2-0B4D-412F-9D33-B9E1B2374CB1}.Release|Any CPU.ActiveCfg = Release|Any CPU
		{3FBCE3E2-0B4D-412F-9D33-B9E1B2374CB1}.Release|Any CPU.Build.0 = Release|Any CPU
		{B0112FE8-9DD2-4D60-9C7F-494B60C73FE7}.Debug|Any CPU.ActiveCfg = Debug|Any CPU
		{B0112FE8-9DD2-4D60-9C7F-494B60C73FE7}.Debug|Any CPU.Build.0 = Debug|Any CPU
		{B0112FE8-9DD2-4D60-9C7F-494B60C73FE7}.Release|Any CPU.ActiveCfg = Release|Any CPU
		{B0112FE8-9DD2-4D60-9C7F-494B60C73FE7}.Release|Any CPU.Build.0 = Release|Any CPU
		{0AD69815-8342-4FAC-BCE8-49BD2410B62C}.Debug|Any CPU.ActiveCfg = Debug|Any CPU
		{0AD69815-8342-4FAC-BCE8-49BD2410B62C}.Debug|Any CPU.Build.0 = Debug|Any CPU
		{0AD69815-8342-4FAC-BCE8-49BD2410B62C}.Release|Any CPU.ActiveCfg = Release|Any CPU
		{0AD69815-8342-4FAC-BCE8-49BD2410B62C}.Release|Any CPU.Build.0 = Release|Any CPU
		{BC9B3A41-B6B9-440A-831E-66D13CCB969E}.Debug|Any CPU.ActiveCfg = Debug|Any CPU
		{BC9B3A41-B6B9-440A-831E-66D13CCB969E}.Debug|Any CPU.Build.0 = Debug|Any CPU
		{BC9B3A41-B6B9-440A-831E-66D13CCB969E}.Release|Any CPU.ActiveCfg = Release|Any CPU
		{BC9B3A41-B6B9-440A-831E-66D13CCB969E}.Release|Any CPU.Build.0 = Release|Any CPU
		{4075EA79-AF1D-450F-A436-C9104922CE27}.Debug|Any CPU.ActiveCfg = Debug|Any CPU
		{4075EA79-AF1D-450F-A436-C9104922CE27}.Debug|Any CPU.Build.0 = Debug|Any CPU
		{4075EA79-AF1D-450F-A436-C9104922CE27}.Release|Any CPU.ActiveCfg = Release|Any CPU
		{4075EA79-AF1D-450F-A436-C9104922CE27}.Release|Any CPU.Build.0 = Release|Any CPU
		{DAFF6043-72E4-4477-BA32-20F563ED0968}.Debug|Any CPU.ActiveCfg = Debug|Any CPU
		{DAFF6043-72E4-4477-BA32-20F563ED0968}.Debug|Any CPU.Build.0 = Debug|Any CPU
		{DAFF6043-72E4-4477-BA32-20F563ED0968}.Release|Any CPU.ActiveCfg = Release|Any CPU
		{DAFF6043-72E4-4477-BA32-20F563ED0968}.Release|Any CPU.Build.0 = Release|Any CPU
		{AFA190F0-4159-4B1F-B65F-F0566598990F}.Debug|Any CPU.ActiveCfg = Debug|Any CPU
		{AFA190F0-4159-4B1F-B65F-F0566598990F}.Debug|Any CPU.Build.0 = Debug|Any CPU
		{AFA190F0-4159-4B1F-B65F-F0566598990F}.Release|Any CPU.ActiveCfg = Release|Any CPU
		{AFA190F0-4159-4B1F-B65F-F0566598990F}.Release|Any CPU.Build.0 = Release|Any CPU
		{9915B426-1015-4249-8AE7-6693D0CA07BC}.Debug|Any CPU.ActiveCfg = Debug|Any CPU
		{9915B426-1015-4249-8AE7-6693D0CA07BC}.Debug|Any CPU.Build.0 = Debug|Any CPU
		{9915B426-1015-4249-8AE7-6693D0CA07BC}.Release|Any CPU.ActiveCfg = Release|Any CPU
		{9915B426-1015-4249-8AE7-6693D0CA07BC}.Release|Any CPU.Build.0 = Release|Any CPU
		{A98EBC03-7149-4B5D-94B8-DD50EAF04CBC}.Debug|Any CPU.ActiveCfg = Debug|Any CPU
		{A98EBC03-7149-4B5D-94B8-DD50EAF04CBC}.Debug|Any CPU.Build.0 = Debug|Any CPU
		{A98EBC03-7149-4B5D-94B8-DD50EAF04CBC}.Release|Any CPU.ActiveCfg = Release|Any CPU
		{A98EBC03-7149-4B5D-94B8-DD50EAF04CBC}.Release|Any CPU.Build.0 = Release|Any CPU
		{8F897D85-743C-4352-9497-9634F0D63B73}.Debug|Any CPU.ActiveCfg = Debug|Any CPU
		{8F897D85-743C-4352-9497-9634F0D63B73}.Debug|Any CPU.Build.0 = Debug|Any CPU
		{8F897D85-743C-4352-9497-9634F0D63B73}.Release|Any CPU.ActiveCfg = Release|Any CPU
		{8F897D85-743C-4352-9497-9634F0D63B73}.Release|Any CPU.Build.0 = Release|Any CPU
		{8B60146B-F02D-461F-850E-EBE17F35AF83}.Debug|Any CPU.ActiveCfg = Debug|Any CPU
		{8B60146B-F02D-461F-850E-EBE17F35AF83}.Debug|Any CPU.Build.0 = Debug|Any CPU
		{8B60146B-F02D-461F-850E-EBE17F35AF83}.Release|Any CPU.ActiveCfg = Release|Any CPU
		{8B60146B-F02D-461F-850E-EBE17F35AF83}.Release|Any CPU.Build.0 = Release|Any CPU
		{EF31FC41-298E-4229-A3CD-2FC9EAA46B25}.Debug|Any CPU.ActiveCfg = Debug|Any CPU
		{EF31FC41-298E-4229-A3CD-2FC9EAA46B25}.Debug|Any CPU.Build.0 = Debug|Any CPU
		{EF31FC41-298E-4229-A3CD-2FC9EAA46B25}.Release|Any CPU.ActiveCfg = Release|Any CPU
		{EF31FC41-298E-4229-A3CD-2FC9EAA46B25}.Release|Any CPU.Build.0 = Release|Any CPU
		{3FA4E94C-F1A4-4015-979C-A64090A1EC8E}.Debug|Any CPU.ActiveCfg = Debug|Any CPU
		{3FA4E94C-F1A4-4015-979C-A64090A1EC8E}.Debug|Any CPU.Build.0 = Debug|Any CPU
		{3FA4E94C-F1A4-4015-979C-A64090A1EC8E}.Release|Any CPU.ActiveCfg = Release|Any CPU
		{3FA4E94C-F1A4-4015-979C-A64090A1EC8E}.Release|Any CPU.Build.0 = Release|Any CPU
		{EE93283D-32A1-4A11-9F66-F95602B63FD2}.Debug|Any CPU.ActiveCfg = Debug|Any CPU
		{EE93283D-32A1-4A11-9F66-F95602B63FD2}.Debug|Any CPU.Build.0 = Debug|Any CPU
		{EE93283D-32A1-4A11-9F66-F95602B63FD2}.Release|Any CPU.ActiveCfg = Release|Any CPU
		{EE93283D-32A1-4A11-9F66-F95602B63FD2}.Release|Any CPU.Build.0 = Release|Any CPU
		{BDEE3563-CEE7-4CAF-9806-19DC420B95A7}.Debug|Any CPU.ActiveCfg = Debug|Any CPU
		{BDEE3563-CEE7-4CAF-9806-19DC420B95A7}.Debug|Any CPU.Build.0 = Debug|Any CPU
		{BDEE3563-CEE7-4CAF-9806-19DC420B95A7}.Release|Any CPU.ActiveCfg = Release|Any CPU
		{BDEE3563-CEE7-4CAF-9806-19DC420B95A7}.Release|Any CPU.Build.0 = Release|Any CPU
		{6A213BE8-784F-4F51-A041-5D794E3F1D31}.Debug|Any CPU.ActiveCfg = Debug|Any CPU
		{6A213BE8-784F-4F51-A041-5D794E3F1D31}.Debug|Any CPU.Build.0 = Debug|Any CPU
		{6A213BE8-784F-4F51-A041-5D794E3F1D31}.Release|Any CPU.ActiveCfg = Release|Any CPU
		{6A213BE8-784F-4F51-A041-5D794E3F1D31}.Release|Any CPU.Build.0 = Release|Any CPU
		{B9D4D472-25AA-4ECB-97F1-CD4275656440}.Debug|Any CPU.ActiveCfg = Debug|Any CPU
		{B9D4D472-25AA-4ECB-97F1-CD4275656440}.Debug|Any CPU.Build.0 = Debug|Any CPU
		{B9D4D472-25AA-4ECB-97F1-CD4275656440}.Release|Any CPU.ActiveCfg = Release|Any CPU
		{B9D4D472-25AA-4ECB-97F1-CD4275656440}.Release|Any CPU.Build.0 = Release|Any CPU
		{FF706169-2FF6-46E7-81A7-3F7D8EAA9C45}.Debug|Any CPU.ActiveCfg = Debug|Any CPU
		{FF706169-2FF6-46E7-81A7-3F7D8EAA9C45}.Debug|Any CPU.Build.0 = Debug|Any CPU
		{FF706169-2FF6-46E7-81A7-3F7D8EAA9C45}.Release|Any CPU.ActiveCfg = Release|Any CPU
		{FF706169-2FF6-46E7-81A7-3F7D8EAA9C45}.Release|Any CPU.Build.0 = Release|Any CPU
		{66192A4A-66CD-4D68-B2DA-A0B725CFB778}.Debug|Any CPU.ActiveCfg = Debug|Any CPU
		{66192A4A-66CD-4D68-B2DA-A0B725CFB778}.Debug|Any CPU.Build.0 = Debug|Any CPU
		{66192A4A-66CD-4D68-B2DA-A0B725CFB778}.Release|Any CPU.ActiveCfg = Release|Any CPU
		{66192A4A-66CD-4D68-B2DA-A0B725CFB778}.Release|Any CPU.Build.0 = Release|Any CPU
		{730FD0E2-081A-4DF1-B158-766A5E696F62}.Debug|Any CPU.ActiveCfg = Debug|Any CPU
		{730FD0E2-081A-4DF1-B158-766A5E696F62}.Debug|Any CPU.Build.0 = Debug|Any CPU
		{730FD0E2-081A-4DF1-B158-766A5E696F62}.Release|Any CPU.ActiveCfg = Release|Any CPU
		{730FD0E2-081A-4DF1-B158-766A5E696F62}.Release|Any CPU.Build.0 = Release|Any CPU
		{328B1FE8-B787-45FC-A026-8257305A4FDE}.Debug|Any CPU.ActiveCfg = Debug|Any CPU
		{328B1FE8-B787-45FC-A026-8257305A4FDE}.Debug|Any CPU.Build.0 = Debug|Any CPU
		{328B1FE8-B787-45FC-A026-8257305A4FDE}.Release|Any CPU.ActiveCfg = Release|Any CPU
		{328B1FE8-B787-45FC-A026-8257305A4FDE}.Release|Any CPU.Build.0 = Release|Any CPU
		{19F396B1-88D5-46E9-96DB-9096640E413E}.Debug|Any CPU.ActiveCfg = Debug|Any CPU
		{19F396B1-88D5-46E9-96DB-9096640E413E}.Debug|Any CPU.Build.0 = Debug|Any CPU
		{19F396B1-88D5-46E9-96DB-9096640E413E}.Release|Any CPU.ActiveCfg = Release|Any CPU
		{19F396B1-88D5-46E9-96DB-9096640E413E}.Release|Any CPU.Build.0 = Release|Any CPU
		{DB274DFD-E05C-4105-9871-D43B576A7557}.Debug|Any CPU.ActiveCfg = Debug|Any CPU
		{DB274DFD-E05C-4105-9871-D43B576A7557}.Debug|Any CPU.Build.0 = Debug|Any CPU
		{DB274DFD-E05C-4105-9871-D43B576A7557}.Release|Any CPU.ActiveCfg = Release|Any CPU
		{DB274DFD-E05C-4105-9871-D43B576A7557}.Release|Any CPU.Build.0 = Release|Any CPU
		{67236444-FAD8-44E7-8036-A058F67A9B65}.Debug|Any CPU.ActiveCfg = Debug|Any CPU
		{67236444-FAD8-44E7-8036-A058F67A9B65}.Debug|Any CPU.Build.0 = Debug|Any CPU
		{67236444-FAD8-44E7-8036-A058F67A9B65}.Release|Any CPU.ActiveCfg = Release|Any CPU
		{67236444-FAD8-44E7-8036-A058F67A9B65}.Release|Any CPU.Build.0 = Release|Any CPU
		{A72015EB-0606-4AB7-B4EB-1BCBB2682872}.Debug|Any CPU.ActiveCfg = Debug|Any CPU
		{A72015EB-0606-4AB7-B4EB-1BCBB2682872}.Debug|Any CPU.Build.0 = Debug|Any CPU
		{A72015EB-0606-4AB7-B4EB-1BCBB2682872}.Release|Any CPU.ActiveCfg = Release|Any CPU
		{A72015EB-0606-4AB7-B4EB-1BCBB2682872}.Release|Any CPU.Build.0 = Release|Any CPU
		{00BD6B55-E2FF-46D9-973C-06CF0E05DC21}.Debug|Any CPU.ActiveCfg = Debug|Any CPU
		{00BD6B55-E2FF-46D9-973C-06CF0E05DC21}.Debug|Any CPU.Build.0 = Debug|Any CPU
		{00BD6B55-E2FF-46D9-973C-06CF0E05DC21}.Release|Any CPU.ActiveCfg = Release|Any CPU
		{00BD6B55-E2FF-46D9-973C-06CF0E05DC21}.Release|Any CPU.Build.0 = Release|Any CPU
		{DBC54D16-8BDD-4DB3-9182-1D8ED3B3715D}.Debug|Any CPU.ActiveCfg = Debug|Any CPU
		{DBC54D16-8BDD-4DB3-9182-1D8ED3B3715D}.Debug|Any CPU.Build.0 = Debug|Any CPU
		{DBC54D16-8BDD-4DB3-9182-1D8ED3B3715D}.Release|Any CPU.ActiveCfg = Release|Any CPU
		{DBC54D16-8BDD-4DB3-9182-1D8ED3B3715D}.Release|Any CPU.Build.0 = Release|Any CPU
		{D21B0B99-53BA-4DE5-945F-CD6A7AD2BF91}.Debug|Any CPU.ActiveCfg = Debug|Any CPU
		{D21B0B99-53BA-4DE5-945F-CD6A7AD2BF91}.Debug|Any CPU.Build.0 = Debug|Any CPU
		{D21B0B99-53BA-4DE5-945F-CD6A7AD2BF91}.Release|Any CPU.ActiveCfg = Release|Any CPU
		{D21B0B99-53BA-4DE5-945F-CD6A7AD2BF91}.Release|Any CPU.Build.0 = Release|Any CPU
		{4CCDB220-28BF-4FAF-AD05-5A79925D1042}.Debug|Any CPU.ActiveCfg = Debug|Any CPU
		{4CCDB220-28BF-4FAF-AD05-5A79925D1042}.Debug|Any CPU.Build.0 = Debug|Any CPU
		{4CCDB220-28BF-4FAF-AD05-5A79925D1042}.Release|Any CPU.ActiveCfg = Release|Any CPU
		{4CCDB220-28BF-4FAF-AD05-5A79925D1042}.Release|Any CPU.Build.0 = Release|Any CPU
		{A176A19B-194D-4D1A-BD7A-BF00CC0B79BB}.Debug|Any CPU.ActiveCfg = Debug|Any CPU
		{A176A19B-194D-4D1A-BD7A-BF00CC0B79BB}.Debug|Any CPU.Build.0 = Debug|Any CPU
		{A176A19B-194D-4D1A-BD7A-BF00CC0B79BB}.Release|Any CPU.ActiveCfg = Release|Any CPU
		{A176A19B-194D-4D1A-BD7A-BF00CC0B79BB}.Release|Any CPU.Build.0 = Release|Any CPU
		{20188543-E516-47B6-BE67-672ACE8867D1}.Debug|Any CPU.ActiveCfg = Debug|Any CPU
		{20188543-E516-47B6-BE67-672ACE8867D1}.Debug|Any CPU.Build.0 = Debug|Any CPU
		{20188543-E516-47B6-BE67-672ACE8867D1}.Release|Any CPU.ActiveCfg = Release|Any CPU
		{20188543-E516-47B6-BE67-672ACE8867D1}.Release|Any CPU.Build.0 = Release|Any CPU
		{1098808E-5790-413A-8AF2-F813EFA63A40}.Debug|Any CPU.ActiveCfg = Debug|Any CPU
		{1098808E-5790-413A-8AF2-F813EFA63A40}.Debug|Any CPU.Build.0 = Debug|Any CPU
		{1098808E-5790-413A-8AF2-F813EFA63A40}.Release|Any CPU.ActiveCfg = Release|Any CPU
		{1098808E-5790-413A-8AF2-F813EFA63A40}.Release|Any CPU.Build.0 = Release|Any CPU
		{77FF3333-4664-4944-9DB6-58B3ACE9D75D}.Debug|Any CPU.ActiveCfg = Debug|Any CPU
		{77FF3333-4664-4944-9DB6-58B3ACE9D75D}.Debug|Any CPU.Build.0 = Debug|Any CPU
		{77FF3333-4664-4944-9DB6-58B3ACE9D75D}.Release|Any CPU.ActiveCfg = Release|Any CPU
		{77FF3333-4664-4944-9DB6-58B3ACE9D75D}.Release|Any CPU.Build.0 = Release|Any CPU
		{57C27480-2BA9-4658-A223-E91E7BAD9D27}.Debug|Any CPU.ActiveCfg = Debug|Any CPU
		{57C27480-2BA9-4658-A223-E91E7BAD9D27}.Debug|Any CPU.Build.0 = Debug|Any CPU
		{57C27480-2BA9-4658-A223-E91E7BAD9D27}.Release|Any CPU.ActiveCfg = Release|Any CPU
		{57C27480-2BA9-4658-A223-E91E7BAD9D27}.Release|Any CPU.Build.0 = Release|Any CPU
		{C7C90645-AC0D-409D-80E6-4DDB8CF9FAB5}.Debug|Any CPU.ActiveCfg = Debug|Any CPU
		{C7C90645-AC0D-409D-80E6-4DDB8CF9FAB5}.Debug|Any CPU.Build.0 = Debug|Any CPU
		{C7C90645-AC0D-409D-80E6-4DDB8CF9FAB5}.Release|Any CPU.ActiveCfg = Release|Any CPU
		{C7C90645-AC0D-409D-80E6-4DDB8CF9FAB5}.Release|Any CPU.Build.0 = Release|Any CPU
		{4D43D2F5-BC3D-495E-A0DC-192A78360726}.Debug|Any CPU.ActiveCfg = Debug|Any CPU
		{4D43D2F5-BC3D-495E-A0DC-192A78360726}.Debug|Any CPU.Build.0 = Debug|Any CPU
		{4D43D2F5-BC3D-495E-A0DC-192A78360726}.Release|Any CPU.ActiveCfg = Release|Any CPU
		{4D43D2F5-BC3D-495E-A0DC-192A78360726}.Release|Any CPU.Build.0 = Release|Any CPU
		{5E1730D0-63E3-4066-9C22-7DC9C15022AE}.Debug|Any CPU.ActiveCfg = Debug|Any CPU
		{5E1730D0-63E3-4066-9C22-7DC9C15022AE}.Debug|Any CPU.Build.0 = Debug|Any CPU
		{5E1730D0-63E3-4066-9C22-7DC9C15022AE}.Release|Any CPU.ActiveCfg = Release|Any CPU
		{5E1730D0-63E3-4066-9C22-7DC9C15022AE}.Release|Any CPU.Build.0 = Release|Any CPU
		{531E7EC3-94C6-45EC-9D21-3AA77D052FDC}.Debug|Any CPU.ActiveCfg = Debug|Any CPU
		{531E7EC3-94C6-45EC-9D21-3AA77D052FDC}.Debug|Any CPU.Build.0 = Debug|Any CPU
		{531E7EC3-94C6-45EC-9D21-3AA77D052FDC}.Release|Any CPU.ActiveCfg = Release|Any CPU
		{531E7EC3-94C6-45EC-9D21-3AA77D052FDC}.Release|Any CPU.Build.0 = Release|Any CPU
		{E1B5AF9E-471C-4C16-A2A2-1A90454C6552}.Debug|Any CPU.ActiveCfg = Debug|Any CPU
		{E1B5AF9E-471C-4C16-A2A2-1A90454C6552}.Debug|Any CPU.Build.0 = Debug|Any CPU
		{E1B5AF9E-471C-4C16-A2A2-1A90454C6552}.Release|Any CPU.ActiveCfg = Release|Any CPU
		{E1B5AF9E-471C-4C16-A2A2-1A90454C6552}.Release|Any CPU.Build.0 = Release|Any CPU
		{A185492A-FD40-48E0-82DA-7B804DE90F55}.Debug|Any CPU.ActiveCfg = Debug|Any CPU
		{A185492A-FD40-48E0-82DA-7B804DE90F55}.Debug|Any CPU.Build.0 = Debug|Any CPU
		{A185492A-FD40-48E0-82DA-7B804DE90F55}.Release|Any CPU.ActiveCfg = Release|Any CPU
		{A185492A-FD40-48E0-82DA-7B804DE90F55}.Release|Any CPU.Build.0 = Release|Any CPU
		{98260A5D-5773-42A7-A149-0F6DC3CA8CDB}.Debug|Any CPU.ActiveCfg = Debug|Any CPU
		{98260A5D-5773-42A7-A149-0F6DC3CA8CDB}.Debug|Any CPU.Build.0 = Debug|Any CPU
		{98260A5D-5773-42A7-A149-0F6DC3CA8CDB}.Release|Any CPU.ActiveCfg = Release|Any CPU
		{98260A5D-5773-42A7-A149-0F6DC3CA8CDB}.Release|Any CPU.Build.0 = Release|Any CPU
		{9AEF9A6A-F51C-4848-BA51-BCD1E95C52EC}.Debug|Any CPU.ActiveCfg = Debug|Any CPU
		{9AEF9A6A-F51C-4848-BA51-BCD1E95C52EC}.Debug|Any CPU.Build.0 = Debug|Any CPU
		{9AEF9A6A-F51C-4848-BA51-BCD1E95C52EC}.Release|Any CPU.ActiveCfg = Release|Any CPU
		{9AEF9A6A-F51C-4848-BA51-BCD1E95C52EC}.Release|Any CPU.Build.0 = Release|Any CPU
		{6CE0E4A3-B916-4DD1-A1C5-746E02BC7A59}.Debug|Any CPU.ActiveCfg = Debug|Any CPU
		{6CE0E4A3-B916-4DD1-A1C5-746E02BC7A59}.Debug|Any CPU.Build.0 = Debug|Any CPU
		{6CE0E4A3-B916-4DD1-A1C5-746E02BC7A59}.Release|Any CPU.ActiveCfg = Release|Any CPU
		{6CE0E4A3-B916-4DD1-A1C5-746E02BC7A59}.Release|Any CPU.Build.0 = Release|Any CPU
		{6465BBAA-AB82-410E-85DD-2F3C6AA66714}.Debug|Any CPU.ActiveCfg = Debug|Any CPU
		{6465BBAA-AB82-410E-85DD-2F3C6AA66714}.Debug|Any CPU.Build.0 = Debug|Any CPU
		{6465BBAA-AB82-410E-85DD-2F3C6AA66714}.Release|Any CPU.ActiveCfg = Release|Any CPU
		{6465BBAA-AB82-410E-85DD-2F3C6AA66714}.Release|Any CPU.Build.0 = Release|Any CPU
		{983EABA0-62CF-4FE4-86A3-C3BE34886894}.Debug|Any CPU.ActiveCfg = Debug|Any CPU
		{983EABA0-62CF-4FE4-86A3-C3BE34886894}.Debug|Any CPU.Build.0 = Debug|Any CPU
		{983EABA0-62CF-4FE4-86A3-C3BE34886894}.Release|Any CPU.ActiveCfg = Release|Any CPU
		{983EABA0-62CF-4FE4-86A3-C3BE34886894}.Release|Any CPU.Build.0 = Release|Any CPU
		{93BC7AA8-59CE-4015-9B1F-EA6B79CEE515}.Debug|Any CPU.ActiveCfg = Debug|Any CPU
		{93BC7AA8-59CE-4015-9B1F-EA6B79CEE515}.Debug|Any CPU.Build.0 = Debug|Any CPU
		{93BC7AA8-59CE-4015-9B1F-EA6B79CEE515}.Release|Any CPU.ActiveCfg = Release|Any CPU
		{93BC7AA8-59CE-4015-9B1F-EA6B79CEE515}.Release|Any CPU.Build.0 = Release|Any CPU
		{043EDB8E-D8C3-48A2-ABB8-EE40510C63CF}.Debug|Any CPU.ActiveCfg = Debug|Any CPU
		{043EDB8E-D8C3-48A2-ABB8-EE40510C63CF}.Debug|Any CPU.Build.0 = Debug|Any CPU
		{043EDB8E-D8C3-48A2-ABB8-EE40510C63CF}.Release|Any CPU.ActiveCfg = Release|Any CPU
		{043EDB8E-D8C3-48A2-ABB8-EE40510C63CF}.Release|Any CPU.Build.0 = Release|Any CPU
	EndGlobalSection
	GlobalSection(SolutionProperties) = preSolution
		HideSolutionNode = FALSE
	EndGlobalSection
	GlobalSection(NestedProjects) = preSolution
		{3FBCE3E2-0B4D-412F-9D33-B9E1B2374CB1} = {9455E1DA-5CA9-4FD8-8BEA-81334587C5E8}
		{B0112FE8-9DD2-4D60-9C7F-494B60C73FE7} = {9455E1DA-5CA9-4FD8-8BEA-81334587C5E8}
		{0AD69815-8342-4FAC-BCE8-49BD2410B62C} = {8FD1299D-F560-4FD7-B28B-B78BBC84A73E}
		{BC9B3A41-B6B9-440A-831E-66D13CCB969E} = {34369253-F792-4518-B254-261EC7B6675D}
		{4075EA79-AF1D-450F-A436-C9104922CE27} = {34369253-F792-4518-B254-261EC7B6675D}
		{DAFF6043-72E4-4477-BA32-20F563ED0968} = {8FD1299D-F560-4FD7-B28B-B78BBC84A73E}
		{AFA190F0-4159-4B1F-B65F-F0566598990F} = {2DB86EBE-BFF9-4DB6-BADF-C494BA1F0B0F}
		{9915B426-1015-4249-8AE7-6693D0CA07BC} = {2DB86EBE-BFF9-4DB6-BADF-C494BA1F0B0F}
		{A98EBC03-7149-4B5D-94B8-DD50EAF04CBC} = {EB932098-A39F-47B7-A40E-129B4344EE3C}
		{8F897D85-743C-4352-9497-9634F0D63B73} = {61A47D63-B79D-47A8-AF08-048AECAA4606}
		{8B60146B-F02D-461F-850E-EBE17F35AF83} = {61A47D63-B79D-47A8-AF08-048AECAA4606}
		{EF31FC41-298E-4229-A3CD-2FC9EAA46B25} = {B8834D26-7912-4398-85D9-326582171B59}
		{3FA4E94C-F1A4-4015-979C-A64090A1EC8E} = {B8834D26-7912-4398-85D9-326582171B59}
		{EE93283D-32A1-4A11-9F66-F95602B63FD2} = {B8834D26-7912-4398-85D9-326582171B59}
		{BDEE3563-CEE7-4CAF-9806-19DC420B95A7} = {9D5CCA1F-644E-47D9-9AED-7CE810F26DB2}
		{6A213BE8-784F-4F51-A041-5D794E3F1D31} = {7AAD4950-BB6C-45CF-A385-B84E81B39BC1}
		{B9D4D472-25AA-4ECB-97F1-CD4275656440} = {9EABCDB2-B1F2-4A1D-8B3F-7176A55F5CC8}
		{FF706169-2FF6-46E7-81A7-3F7D8EAA9C45} = {9EABCDB2-B1F2-4A1D-8B3F-7176A55F5CC8}
		{66192A4A-66CD-4D68-B2DA-A0B725CFB778} = {443A6C56-6B89-4D1F-90FD-6E236A19C504}
		{730FD0E2-081A-4DF1-B158-766A5E696F62} = {443A6C56-6B89-4D1F-90FD-6E236A19C504}
		{328B1FE8-B787-45FC-A026-8257305A4FDE} = {B17ECF56-AA7B-4A9D-AC06-75605E70AE4B}
		{19F396B1-88D5-46E9-96DB-9096640E413E} = {8FD1299D-F560-4FD7-B28B-B78BBC84A73E}
		{DB274DFD-E05C-4105-9871-D43B576A7557} = {DCF5525C-DC00-4EBB-A822-6DFE595B2AE5}
		{67236444-FAD8-44E7-8036-A058F67A9B65} = {DCF5525C-DC00-4EBB-A822-6DFE595B2AE5}
		{A72015EB-0606-4AB7-B4EB-1BCBB2682872} = {2DB86EBE-BFF9-4DB6-BADF-C494BA1F0B0F}
		{00BD6B55-E2FF-46D9-973C-06CF0E05DC21} = {2DB86EBE-BFF9-4DB6-BADF-C494BA1F0B0F}
		{DBC54D16-8BDD-4DB3-9182-1D8ED3B3715D} = {2DB86EBE-BFF9-4DB6-BADF-C494BA1F0B0F}
		{D21B0B99-53BA-4DE5-945F-CD6A7AD2BF91} = {2DB86EBE-BFF9-4DB6-BADF-C494BA1F0B0F}
		{4CCDB220-28BF-4FAF-AD05-5A79925D1042} = {2DB86EBE-BFF9-4DB6-BADF-C494BA1F0B0F}
		{A176A19B-194D-4D1A-BD7A-BF00CC0B79BB} = {2DB86EBE-BFF9-4DB6-BADF-C494BA1F0B0F}
		{20188543-E516-47B6-BE67-672ACE8867D1} = {2DB86EBE-BFF9-4DB6-BADF-C494BA1F0B0F}
		{1098808E-5790-413A-8AF2-F813EFA63A40} = {2DB86EBE-BFF9-4DB6-BADF-C494BA1F0B0F}
		{77FF3333-4664-4944-9DB6-58B3ACE9D75D} = {7F25C462-6672-4CD0-B0CB-BCD00E7F2D92}
		{57C27480-2BA9-4658-A223-E91E7BAD9D27} = {FEEAE21D-4EFF-4B1B-8DE4-6A03A02B0F4E}
		{C7C90645-AC0D-409D-80E6-4DDB8CF9FAB5} = {FEEAE21D-4EFF-4B1B-8DE4-6A03A02B0F4E}
		{4D43D2F5-BC3D-495E-A0DC-192A78360726} = {AC14CBCA-4BF0-407D-98C1-F100A9413511}
		{5E1730D0-63E3-4066-9C22-7DC9C15022AE} = {8FD1299D-F560-4FD7-B28B-B78BBC84A73E}
		{531E7EC3-94C6-45EC-9D21-3AA77D052FDC} = {1CE143BE-7305-4A62-911F-D6637ABEC9E6}
		{E1B5AF9E-471C-4C16-A2A2-1A90454C6552} = {1CE143BE-7305-4A62-911F-D6637ABEC9E6}
		{A185492A-FD40-48E0-82DA-7B804DE90F55} = {1CE143BE-7305-4A62-911F-D6637ABEC9E6}
		{98260A5D-5773-42A7-A149-0F6DC3CA8CDB} = {8FD1299D-F560-4FD7-B28B-B78BBC84A73E}
		{9AEF9A6A-F51C-4848-BA51-BCD1E95C52EC} = {34369253-F792-4518-B254-261EC7B6675D}
		{6CE0E4A3-B916-4DD1-A1C5-746E02BC7A59} = {AC14CBCA-4BF0-407D-98C1-F100A9413511}
		{6465BBAA-AB82-410E-85DD-2F3C6AA66714} = {F792D602-B1C6-4430-A70B-10DDEB68F047}
		{983EABA0-62CF-4FE4-86A3-C3BE34886894} = {F792D602-B1C6-4430-A70B-10DDEB68F047}
		{93BC7AA8-59CE-4015-9B1F-EA6B79CEE515} = {8FD1299D-F560-4FD7-B28B-B78BBC84A73E}
		{043EDB8E-D8C3-48A2-ABB8-EE40510C63CF} = {89CA90B3-FC54-48B3-B6BC-9C40FE4E0128}
	EndGlobalSection
	GlobalSection(ExtensibilityGlobals) = postSolution
		SolutionGuid = {A8739DE6-A22A-4C01-A94E-0BC49AE9EA52}
	EndGlobalSection
EndGlobal
